
Microsoft Visual Studio Solution File, Format Version 12.00
# Visual Studio 15
VisualStudioVersion = 15.0.28307.136
MinimumVisualStudioVersion = 10.0.40219.1
Project("{FAE04EC0-301F-11D3-BF4B-00C04F79EFBC}") = "Generics", "Generics\Generics.csproj", "{B729E3AB-DC19-4D06-8B09-17B75301AB3C}"
EndProject
Global
	GlobalSection(SolutionConfigurationPlatforms) = preSolution
		Debug|Any CPU = Debug|Any CPU
		Release|Any CPU = Release|Any CPU
	EndGlobalSection
	GlobalSection(ProjectConfigurationPlatforms) = postSolution
		{B729E3AB-DC19-4D06-8B09-17B75301AB3C}.Debug|Any CPU.ActiveCfg = Debug|Any CPU
		{B729E3AB-DC19-4D06-8B09-17B75301AB3C}.Debug|Any CPU.Build.0 = Debug|Any CPU
		{B729E3AB-DC19-4D06-8B09-17B75301AB3C}.Release|Any CPU.ActiveCfg = Release|Any CPU
		{B729E3AB-DC19-4D06-8B09-17B75301AB3C}.Release|Any CPU.Build.0 = Release|Any CPU
	EndGlobalSection
	GlobalSection(SolutionProperties) = preSolution
		HideSolutionNode = FALSE
	EndGlobalSection
	GlobalSection(ExtensibilityGlobals) = postSolution
		SolutionGuid = {E305EB85-01E8-477D-9A94-39F1868EA41D}
	EndGlobalSection
EndGlobal
